# Dummy similar to what gradle writes when --write-locks is enabled
io.undertow:undertow-core:2.0.21.Final
org.apache.commons:commons-lang3:3.8
org.hdrhistogram:HdrHistogram:2.1.10=compileClasspath,runtimeClasspath
# there are more transitives added by gradle, we only add one in order to not distract
com.google.guava:guava:25.1-android
